// !$*UTF8*$!
{
	archiveVersion = 1;
	classes = {
	};
	objectVersion = 56;
	objects = {

/* Begin PBXBuildFile section */
		3C00E2F02A3448E200EF2040 /* AddRamyunView.swift in Sources */ = {isa = PBXBuildFile; fileRef = 3C00E2EF2A3448E200EF2040 /* AddRamyunView.swift */; };
		5553B0D72A34308500C78991 /* WidgetKit.framework in Frameworks */ = {isa = PBXBuildFile; fileRef = 5553B0D62A34308500C78991 /* WidgetKit.framework */; };
		5553B0D92A34308500C78991 /* SwiftUI.framework in Frameworks */ = {isa = PBXBuildFile; fileRef = 5553B0D82A34308500C78991 /* SwiftUI.framework */; };
		5553B0DC2A34308500C78991 /* RamenTimerWidgetBundle.swift in Sources */ = {isa = PBXBuildFile; fileRef = 5553B0DB2A34308500C78991 /* RamenTimerWidgetBundle.swift */; };
		5553B0DE2A34308500C78991 /* RamenTimerWidgetLiveActivity.swift in Sources */ = {isa = PBXBuildFile; fileRef = 5553B0DD2A34308500C78991 /* RamenTimerWidgetLiveActivity.swift */; };
		5553B0E02A34308500C78991 /* RamenTimerWidget.swift in Sources */ = {isa = PBXBuildFile; fileRef = 5553B0DF2A34308500C78991 /* RamenTimerWidget.swift */; };
		5553B0E22A34308500C78991 /* AppIntent.swift in Sources */ = {isa = PBXBuildFile; fileRef = 5553B0E12A34308500C78991 /* AppIntent.swift */; };
		5553B0E42A34308600C78991 /* Assets.xcassets in Resources */ = {isa = PBXBuildFile; fileRef = 5553B0E32A34308600C78991 /* Assets.xcassets */; };
		5553B0E82A34308600C78991 /* RamenTimerWidgetExtension.appex in Embed Foundation Extensions */ = {isa = PBXBuildFile; fileRef = 5553B0D42A34308500C78991 /* RamenTimerWidgetExtension.appex */; settings = {ATTRIBUTES = (RemoveHeadersOnCopy, ); }; };
		B90E434A2A343E6000F2B855 /* Ramyun.swift in Sources */ = {isa = PBXBuildFile; fileRef = B90E43492A343E6000F2B855 /* Ramyun.swift */; };
		B9AD0EAA2A3421C200F19CD9 /* ReliciousApp.swift in Sources */ = {isa = PBXBuildFile; fileRef = B9AD0EA92A3421C200F19CD9 /* ReliciousApp.swift */; };
		B9AD0EAC2A3421C200F19CD9 /* ContentView.swift in Sources */ = {isa = PBXBuildFile; fileRef = B9AD0EAB2A3421C200F19CD9 /* ContentView.swift */; };
		B9AD0EAE2A3421C300F19CD9 /* Assets.xcassets in Resources */ = {isa = PBXBuildFile; fileRef = B9AD0EAD2A3421C300F19CD9 /* Assets.xcassets */; };
		B9AD0EB12A3421C300F19CD9 /* Preview Assets.xcassets in Resources */ = {isa = PBXBuildFile; fileRef = B9AD0EB02A3421C300F19CD9 /* Preview Assets.xcassets */; };
/* End PBXBuildFile section */

/* Begin PBXContainerItemProxy section */
		5553B0E62A34308600C78991 /* PBXContainerItemProxy */ = {
			isa = PBXContainerItemProxy;
			containerPortal = B9AD0E9E2A3421C200F19CD9 /* Project object */;
			proxyType = 1;
			remoteGlobalIDString = 5553B0D32A34308500C78991;
			remoteInfo = RamenTimerWidgetExtension;
		};
/* End PBXContainerItemProxy section */

/* Begin PBXCopyFilesBuildPhase section */
		5553B0E92A34308600C78991 /* Embed Foundation Extensions */ = {
			isa = PBXCopyFilesBuildPhase;
			buildActionMask = 2147483647;
			dstPath = "";
			dstSubfolderSpec = 13;
			files = (
				5553B0E82A34308600C78991 /* RamenTimerWidgetExtension.appex in Embed Foundation Extensions */,
			);
			name = "Embed Foundation Extensions";
			runOnlyForDeploymentPostprocessing = 0;
		};
/* End PBXCopyFilesBuildPhase section */

/* Begin PBXFileReference section */
		3C00E2EF2A3448E200EF2040 /* AddRamyunView.swift */ = {isa = PBXFileReference; lastKnownFileType = sourcecode.swift; path = AddRamyunView.swift; sourceTree = "<group>"; };
		5553B0D42A34308500C78991 /* RamenTimerWidgetExtension.appex */ = {isa = PBXFileReference; explicitFileType = "wrapper.app-extension"; includeInIndex = 0; path = RamenTimerWidgetExtension.appex; sourceTree = BUILT_PRODUCTS_DIR; };
		5553B0D62A34308500C78991 /* WidgetKit.framework */ = {isa = PBXFileReference; lastKnownFileType = wrapper.framework; name = WidgetKit.framework; path = System/Library/Frameworks/WidgetKit.framework; sourceTree = SDKROOT; };
		5553B0D82A34308500C78991 /* SwiftUI.framework */ = {isa = PBXFileReference; lastKnownFileType = wrapper.framework; name = SwiftUI.framework; path = System/Library/Frameworks/SwiftUI.framework; sourceTree = SDKROOT; };
		5553B0DB2A34308500C78991 /* RamenTimerWidgetBundle.swift */ = {isa = PBXFileReference; lastKnownFileType = sourcecode.swift; path = RamenTimerWidgetBundle.swift; sourceTree = "<group>"; };
		5553B0DD2A34308500C78991 /* RamenTimerWidgetLiveActivity.swift */ = {isa = PBXFileReference; lastKnownFileType = sourcecode.swift; path = RamenTimerWidgetLiveActivity.swift; sourceTree = "<group>"; };
		5553B0DF2A34308500C78991 /* RamenTimerWidget.swift */ = {isa = PBXFileReference; lastKnownFileType = sourcecode.swift; path = RamenTimerWidget.swift; sourceTree = "<group>"; };
		5553B0E12A34308500C78991 /* AppIntent.swift */ = {isa = PBXFileReference; lastKnownFileType = sourcecode.swift; path = AppIntent.swift; sourceTree = "<group>"; };
		5553B0E32A34308600C78991 /* Assets.xcassets */ = {isa = PBXFileReference; lastKnownFileType = folder.assetcatalog; path = Assets.xcassets; sourceTree = "<group>"; };
		5553B0E52A34308600C78991 /* Info.plist */ = {isa = PBXFileReference; lastKnownFileType = text.plist.xml; path = Info.plist; sourceTree = "<group>"; };
		B90E43492A343E6000F2B855 /* Ramyun.swift */ = {isa = PBXFileReference; lastKnownFileType = sourcecode.swift; path = Ramyun.swift; sourceTree = "<group>"; };
		B9AD0EA62A3421C200F19CD9 /* Relicious.app */ = {isa = PBXFileReference; explicitFileType = wrapper.application; includeInIndex = 0; path = Relicious.app; sourceTree = BUILT_PRODUCTS_DIR; };
		B9AD0EA92A3421C200F19CD9 /* ReliciousApp.swift */ = {isa = PBXFileReference; lastKnownFileType = sourcecode.swift; path = ReliciousApp.swift; sourceTree = "<group>"; };
		B9AD0EAB2A3421C200F19CD9 /* ContentView.swift */ = {isa = PBXFileReference; lastKnownFileType = sourcecode.swift; path = ContentView.swift; sourceTree = "<group>"; };
		B9AD0EAD2A3421C300F19CD9 /* Assets.xcassets */ = {isa = PBXFileReference; lastKnownFileType = folder.assetcatalog; path = Assets.xcassets; sourceTree = "<group>"; };
		B9AD0EB02A3421C300F19CD9 /* Preview Assets.xcassets */ = {isa = PBXFileReference; lastKnownFileType = folder.assetcatalog; path = "Preview Assets.xcassets"; sourceTree = "<group>"; };
/* End PBXFileReference section */

/* Begin PBXFrameworksBuildPhase section */
		5553B0D12A34308500C78991 /* Frameworks */ = {
			isa = PBXFrameworksBuildPhase;
			buildActionMask = 2147483647;
			files = (
				5553B0D92A34308500C78991 /* SwiftUI.framework in Frameworks */,
				5553B0D72A34308500C78991 /* WidgetKit.framework in Frameworks */,
			);
			runOnlyForDeploymentPostprocessing = 0;
		};
		B9AD0EA32A3421C200F19CD9 /* Frameworks */ = {
			isa = PBXFrameworksBuildPhase;
			buildActionMask = 2147483647;
			files = (
			);
			runOnlyForDeploymentPostprocessing = 0;
		};
/* End PBXFrameworksBuildPhase section */

/* Begin PBXGroup section */
		5553B0D52A34308500C78991 /* Frameworks */ = {
			isa = PBXGroup;
			children = (
				5553B0D62A34308500C78991 /* WidgetKit.framework */,
				5553B0D82A34308500C78991 /* SwiftUI.framework */,
			);
			name = Frameworks;
			sourceTree = "<group>";
		};
		5553B0DA2A34308500C78991 /* RamenTimerWidget */ = {
			isa = PBXGroup;
			children = (
				5553B0DB2A34308500C78991 /* RamenTimerWidgetBundle.swift */,
				5553B0DD2A34308500C78991 /* RamenTimerWidgetLiveActivity.swift */,
				5553B0DF2A34308500C78991 /* RamenTimerWidget.swift */,
				5553B0E12A34308500C78991 /* AppIntent.swift */,
				5553B0E32A34308600C78991 /* Assets.xcassets */,
				5553B0E52A34308600C78991 /* Info.plist */,
			);
			path = RamenTimerWidget;
			sourceTree = "<group>";
		};
		B90E43482A343E3F00F2B855 /* Entity */ = {
			isa = PBXGroup;
			children = (
				B90E43492A343E6000F2B855 /* Ramyun.swift */,
			);
			path = Entity;
			sourceTree = "<group>";
		};
		B9AD0E9D2A3421C200F19CD9 = {
			isa = PBXGroup;
			children = (
				B9AD0EA82A3421C200F19CD9 /* Relicious */,
				5553B0DA2A34308500C78991 /* RamenTimerWidget */,
				5553B0D52A34308500C78991 /* Frameworks */,
				B9AD0EA72A3421C200F19CD9 /* Products */,
			);
			sourceTree = "<group>";
		};
		B9AD0EA72A3421C200F19CD9 /* Products */ = {
			isa = PBXGroup;
			children = (
				B9AD0EA62A3421C200F19CD9 /* Relicious.app */,
				5553B0D42A34308500C78991 /* RamenTimerWidgetExtension.appex */,
			);
			name = Products;
			sourceTree = "<group>";
		};
		B9AD0EA82A3421C200F19CD9 /* Relicious */ = {
			isa = PBXGroup;
			children = (
				B90E43482A343E3F00F2B855 /* Entity */,
				B9AD0EA92A3421C200F19CD9 /* ReliciousApp.swift */,
				B9AD0EAB2A3421C200F19CD9 /* ContentView.swift */,
				B9AD0EAD2A3421C300F19CD9 /* Assets.xcassets */,
				B9AD0EAF2A3421C300F19CD9 /* Preview Content */,
				3C00E2EF2A3448E200EF2040 /* AddRamyunView.swift */,
			);
			path = Relicious;
			sourceTree = "<group>";
		};
		B9AD0EAF2A3421C300F19CD9 /* Preview Content */ = {
			isa = PBXGroup;
			children = (
				B9AD0EB02A3421C300F19CD9 /* Preview Assets.xcassets */,
			);
			path = "Preview Content";
			sourceTree = "<group>";
		};
/* End PBXGroup section */

/* Begin PBXNativeTarget section */
		5553B0D32A34308500C78991 /* RamenTimerWidgetExtension */ = {
			isa = PBXNativeTarget;
			buildConfigurationList = 5553B0EC2A34308600C78991 /* Build configuration list for PBXNativeTarget "RamenTimerWidgetExtension" */;
			buildPhases = (
				5553B0D02A34308500C78991 /* Sources */,
				5553B0D12A34308500C78991 /* Frameworks */,
				5553B0D22A34308500C78991 /* Resources */,
			);
			buildRules = (
			);
			dependencies = (
			);
			name = RamenTimerWidgetExtension;
			productName = RamenTimerWidgetExtension;
			productReference = 5553B0D42A34308500C78991 /* RamenTimerWidgetExtension.appex */;
			productType = "com.apple.product-type.app-extension";
		};
		B9AD0EA52A3421C200F19CD9 /* Relicious */ = {
			isa = PBXNativeTarget;
			buildConfigurationList = B9AD0EB42A3421C300F19CD9 /* Build configuration list for PBXNativeTarget "Relicious" */;
			buildPhases = (
				B9AD0EA22A3421C200F19CD9 /* Sources */,
				B9AD0EA32A3421C200F19CD9 /* Frameworks */,
				B9AD0EA42A3421C200F19CD9 /* Resources */,
				5553B0E92A34308600C78991 /* Embed Foundation Extensions */,
			);
			buildRules = (
			);
			dependencies = (
				5553B0E72A34308600C78991 /* PBXTargetDependency */,
			);
			name = Relicious;
			productName = Relicious;
			productReference = B9AD0EA62A3421C200F19CD9 /* Relicious.app */;
			productType = "com.apple.product-type.application";
		};
/* End PBXNativeTarget section */

/* Begin PBXProject section */
		B9AD0E9E2A3421C200F19CD9 /* Project object */ = {
			isa = PBXProject;
			attributes = {
				BuildIndependentTargetsInParallel = 1;
				LastSwiftUpdateCheck = 1500;
				LastUpgradeCheck = 1430;
				TargetAttributes = {
					5553B0D32A34308500C78991 = {
						CreatedOnToolsVersion = 15.0;
					};
					B9AD0EA52A3421C200F19CD9 = {
						CreatedOnToolsVersion = 14.3.1;
					};
				};
			};
			buildConfigurationList = B9AD0EA12A3421C200F19CD9 /* Build configuration list for PBXProject "Relicious" */;
			compatibilityVersion = "Xcode 14.0";
			developmentRegion = en;
			hasScannedForEncodings = 0;
			knownRegions = (
				en,
				Base,
			);
			mainGroup = B9AD0E9D2A3421C200F19CD9;
			productRefGroup = B9AD0EA72A3421C200F19CD9 /* Products */;
			projectDirPath = "";
			projectRoot = "";
			targets = (
				B9AD0EA52A3421C200F19CD9 /* Relicious */,
				5553B0D32A34308500C78991 /* RamenTimerWidgetExtension */,
			);
		};
/* End PBXProject section */

/* Begin PBXResourcesBuildPhase section */
		5553B0D22A34308500C78991 /* Resources */ = {
			isa = PBXResourcesBuildPhase;
			buildActionMask = 2147483647;
			files = (
				5553B0E42A34308600C78991 /* Assets.xcassets in Resources */,
			);
			runOnlyForDeploymentPostprocessing = 0;
		};
		B9AD0EA42A3421C200F19CD9 /* Resources */ = {
			isa = PBXResourcesBuildPhase;
			buildActionMask = 2147483647;
			files = (
				B9AD0EB12A3421C300F19CD9 /* Preview Assets.xcassets in Resources */,
				B9AD0EAE2A3421C300F19CD9 /* Assets.xcassets in Resources */,
			);
			runOnlyForDeploymentPostprocessing = 0;
		};
/* End PBXResourcesBuildPhase section */

/* Begin PBXSourcesBuildPhase section */
		5553B0D02A34308500C78991 /* Sources */ = {
			isa = PBXSourcesBuildPhase;
			buildActionMask = 2147483647;
			files = (
				5553B0DE2A34308500C78991 /* RamenTimerWidgetLiveActivity.swift in Sources */,
				5553B0E22A34308500C78991 /* AppIntent.swift in Sources */,
				5553B0E02A34308500C78991 /* RamenTimerWidget.swift in Sources */,
				5553B0DC2A34308500C78991 /* RamenTimerWidgetBundle.swift in Sources */,
			);
			runOnlyForDeploymentPostprocessing = 0;
		};
		B9AD0EA22A3421C200F19CD9 /* Sources */ = {
			isa = PBXSourcesBuildPhase;
			buildActionMask = 2147483647;
			files = (
				B90E434A2A343E6000F2B855 /* Ramyun.swift in Sources */,
				B9AD0EAC2A3421C200F19CD9 /* ContentView.swift in Sources */,
				3C00E2F02A3448E200EF2040 /* AddRamyunView.swift in Sources */,
				B9AD0EAA2A3421C200F19CD9 /* ReliciousApp.swift in Sources */,
			);
			runOnlyForDeploymentPostprocessing = 0;
		};
/* End PBXSourcesBuildPhase section */

/* Begin PBXTargetDependency section */
		5553B0E72A34308600C78991 /* PBXTargetDependency */ = {
			isa = PBXTargetDependency;
			target = 5553B0D32A34308500C78991 /* RamenTimerWidgetExtension */;
			targetProxy = 5553B0E62A34308600C78991 /* PBXContainerItemProxy */;
		};
/* End PBXTargetDependency section */

/* Begin XCBuildConfiguration section */
		5553B0EA2A34308600C78991 /* Debug */ = {
			isa = XCBuildConfiguration;
			buildSettings = {
				ASSETCATALOG_COMPILER_GENERATE_SWIFT_ASSET_SYMBOL_EXTENSIONS = YES;
				ASSETCATALOG_COMPILER_GLOBAL_ACCENT_COLOR_NAME = AccentColor;
				ASSETCATALOG_COMPILER_WIDGET_BACKGROUND_COLOR_NAME = WidgetBackground;
				CODE_SIGN_STYLE = Automatic;
				CURRENT_PROJECT_VERSION = 1;
				DEVELOPMENT_TEAM = 5BY5MQ6875;
				ENABLE_USER_SCRIPT_SANDBOXING = YES;
				GCC_C_LANGUAGE_STANDARD = gnu17;
				GENERATE_INFOPLIST_FILE = YES;
				INFOPLIST_FILE = RamenTimerWidget/Info.plist;
				INFOPLIST_KEY_CFBundleDisplayName = RamenTimerWidget;
				INFOPLIST_KEY_NSHumanReadableCopyright = "";
				IPHONEOS_DEPLOYMENT_TARGET = 17.0;
				LD_RUNPATH_SEARCH_PATHS = (
					"$(inherited)",
					"@executable_path/Frameworks",
					"@executable_path/../../Frameworks",
				);
				LOCALIZATION_PREFERS_STRING_CATALOGS = YES;
				MARKETING_VERSION = 1.0;
				PRODUCT_BUNDLE_IDENTIFIER = com.seokho.Relicious.RamenTimerWidget;
				PRODUCT_NAME = "$(TARGET_NAME)";
				SKIP_INSTALL = YES;
				SWIFT_ACTIVE_COMPILATION_CONDITIONS = "DEBUG $(inherited)";
				SWIFT_EMIT_LOC_STRINGS = YES;
				SWIFT_VERSION = 5.0;
				TARGETED_DEVICE_FAMILY = "1,2";
			};
			name = Debug;
		};
		5553B0EB2A34308600C78991 /* Release */ = {
			isa = XCBuildConfiguration;
			buildSettings = {
				ASSETCATALOG_COMPILER_GENERATE_SWIFT_ASSET_SYMBOL_EXTENSIONS = YES;
				ASSETCATALOG_COMPILER_GLOBAL_ACCENT_COLOR_NAME = AccentColor;
				ASSETCATALOG_COMPILER_WIDGET_BACKGROUND_COLOR_NAME = WidgetBackground;
				CODE_SIGN_STYLE = Automatic;
				CURRENT_PROJECT_VERSION = 1;
				DEVELOPMENT_TEAM = 5BY5MQ6875;
				ENABLE_USER_SCRIPT_SANDBOXING = YES;
				GCC_C_LANGUAGE_STANDARD = gnu17;
				GENERATE_INFOPLIST_FILE = YES;
				INFOPLIST_FILE = RamenTimerWidget/Info.plist;
				INFOPLIST_KEY_CFBundleDisplayName = RamenTimerWidget;
				INFOPLIST_KEY_NSHumanReadableCopyright = "";
				IPHONEOS_DEPLOYMENT_TARGET = 17.0;
				LD_RUNPATH_SEARCH_PATHS = (
					"$(inherited)",
					"@executable_path/Frameworks",
					"@executable_path/../../Frameworks",
				);
				LOCALIZATION_PREFERS_STRING_CATALOGS = YES;
				MARKETING_VERSION = 1.0;
				PRODUCT_BUNDLE_IDENTIFIER = com.seokho.Relicious.RamenTimerWidget;
				PRODUCT_NAME = "$(TARGET_NAME)";
				SKIP_INSTALL = YES;
				SWIFT_EMIT_LOC_STRINGS = YES;
				SWIFT_VERSION = 5.0;
				TARGETED_DEVICE_FAMILY = "1,2";
			};
			name = Release;
		};
		B9AD0EB22A3421C300F19CD9 /* Debug */ = {
			isa = XCBuildConfiguration;
			buildSettings = {
				ALWAYS_SEARCH_USER_PATHS = NO;
				CLANG_ANALYZER_NONNULL = YES;
				CLANG_ANALYZER_NUMBER_OBJECT_CONVERSION = YES_AGGRESSIVE;
				CLANG_CXX_LANGUAGE_STANDARD = "gnu++20";
				CLANG_ENABLE_MODULES = YES;
				CLANG_ENABLE_OBJC_ARC = YES;
				CLANG_ENABLE_OBJC_WEAK = YES;
				CLANG_WARN_BLOCK_CAPTURE_AUTORELEASING = YES;
				CLANG_WARN_BOOL_CONVERSION = YES;
				CLANG_WARN_COMMA = YES;
				CLANG_WARN_CONSTANT_CONVERSION = YES;
				CLANG_WARN_DEPRECATED_OBJC_IMPLEMENTATIONS = YES;
				CLANG_WARN_DIRECT_OBJC_ISA_USAGE = YES_ERROR;
				CLANG_WARN_DOCUMENTATION_COMMENTS = YES;
				CLANG_WARN_EMPTY_BODY = YES;
				CLANG_WARN_ENUM_CONVERSION = YES;
				CLANG_WARN_INFINITE_RECURSION = YES;
				CLANG_WARN_INT_CONVERSION = YES;
				CLANG_WARN_NON_LITERAL_NULL_CONVERSION = YES;
				CLANG_WARN_OBJC_IMPLICIT_RETAIN_SELF = YES;
				CLANG_WARN_OBJC_LITERAL_CONVERSION = YES;
				CLANG_WARN_OBJC_ROOT_CLASS = YES_ERROR;
				CLANG_WARN_QUOTED_INCLUDE_IN_FRAMEWORK_HEADER = YES;
				CLANG_WARN_RANGE_LOOP_ANALYSIS = YES;
				CLANG_WARN_STRICT_PROTOTYPES = YES;
				CLANG_WARN_SUSPICIOUS_MOVE = YES;
				CLANG_WARN_UNGUARDED_AVAILABILITY = YES_AGGRESSIVE;
				CLANG_WARN_UNREACHABLE_CODE = YES;
				CLANG_WARN__DUPLICATE_METHOD_MATCH = YES;
				COPY_PHASE_STRIP = NO;
				DEBUG_INFORMATION_FORMAT = dwarf;
				ENABLE_STRICT_OBJC_MSGSEND = YES;
				ENABLE_TESTABILITY = YES;
				GCC_C_LANGUAGE_STANDARD = gnu11;
				GCC_DYNAMIC_NO_PIC = NO;
				GCC_NO_COMMON_BLOCKS = YES;
				GCC_OPTIMIZATION_LEVEL = 0;
				GCC_PREPROCESSOR_DEFINITIONS = (
					"DEBUG=1",
					"$(inherited)",
				);
				GCC_WARN_64_TO_32_BIT_CONVERSION = YES;
				GCC_WARN_ABOUT_RETURN_TYPE = YES_ERROR;
				GCC_WARN_UNDECLARED_SELECTOR = YES;
				GCC_WARN_UNINITIALIZED_AUTOS = YES_AGGRESSIVE;
				GCC_WARN_UNUSED_FUNCTION = YES;
				GCC_WARN_UNUSED_VARIABLE = YES;
				IPHONEOS_DEPLOYMENT_TARGET = 16.4;
				MTL_ENABLE_DEBUG_INFO = INCLUDE_SOURCE;
				MTL_FAST_MATH = YES;
				ONLY_ACTIVE_ARCH = YES;
				SDKROOT = iphoneos;
				SWIFT_ACTIVE_COMPILATION_CONDITIONS = DEBUG;
				SWIFT_OPTIMIZATION_LEVEL = "-Onone";
			};
			name = Debug;
		};
		B9AD0EB32A3421C300F19CD9 /* Release */ = {
			isa = XCBuildConfiguration;
			buildSettings = {
				ALWAYS_SEARCH_USER_PATHS = NO;
				CLANG_ANALYZER_NONNULL = YES;
				CLANG_ANALYZER_NUMBER_OBJECT_CONVERSION = YES_AGGRESSIVE;
				CLANG_CXX_LANGUAGE_STANDARD = "gnu++20";
				CLANG_ENABLE_MODULES = YES;
				CLANG_ENABLE_OBJC_ARC = YES;
				CLANG_ENABLE_OBJC_WEAK = YES;
				CLANG_WARN_BLOCK_CAPTURE_AUTORELEASING = YES;
				CLANG_WARN_BOOL_CONVERSION = YES;
				CLANG_WARN_COMMA = YES;
				CLANG_WARN_CONSTANT_CONVERSION = YES;
				CLANG_WARN_DEPRECATED_OBJC_IMPLEMENTATIONS = YES;
				CLANG_WARN_DIRECT_OBJC_ISA_USAGE = YES_ERROR;
				CLANG_WARN_DOCUMENTATION_COMMENTS = YES;
				CLANG_WARN_EMPTY_BODY = YES;
				CLANG_WARN_ENUM_CONVERSION = YES;
				CLANG_WARN_INFINITE_RECURSION = YES;
				CLANG_WARN_INT_CONVERSION = YES;
				CLANG_WARN_NON_LITERAL_NULL_CONVERSION = YES;
				CLANG_WARN_OBJC_IMPLICIT_RETAIN_SELF = YES;
				CLANG_WARN_OBJC_LITERAL_CONVERSION = YES;
				CLANG_WARN_OBJC_ROOT_CLASS = YES_ERROR;
				CLANG_WARN_QUOTED_INCLUDE_IN_FRAMEWORK_HEADER = YES;
				CLANG_WARN_RANGE_LOOP_ANALYSIS = YES;
				CLANG_WARN_STRICT_PROTOTYPES = YES;
				CLANG_WARN_SUSPICIOUS_MOVE = YES;
				CLANG_WARN_UNGUARDED_AVAILABILITY = YES_AGGRESSIVE;
				CLANG_WARN_UNREACHABLE_CODE = YES;
				CLANG_WARN__DUPLICATE_METHOD_MATCH = YES;
				COPY_PHASE_STRIP = NO;
				DEBUG_INFORMATION_FORMAT = "dwarf-with-dsym";
				ENABLE_NS_ASSERTIONS = NO;
				ENABLE_STRICT_OBJC_MSGSEND = YES;
				GCC_C_LANGUAGE_STANDARD = gnu11;
				GCC_NO_COMMON_BLOCKS = YES;
				GCC_WARN_64_TO_32_BIT_CONVERSION = YES;
				GCC_WARN_ABOUT_RETURN_TYPE = YES_ERROR;
				GCC_WARN_UNDECLARED_SELECTOR = YES;
				GCC_WARN_UNINITIALIZED_AUTOS = YES_AGGRESSIVE;
				GCC_WARN_UNUSED_FUNCTION = YES;
				GCC_WARN_UNUSED_VARIABLE = YES;
				IPHONEOS_DEPLOYMENT_TARGET = 16.4;
				MTL_ENABLE_DEBUG_INFO = NO;
				MTL_FAST_MATH = YES;
				SDKROOT = iphoneos;
				SWIFT_COMPILATION_MODE = wholemodule;
				SWIFT_OPTIMIZATION_LEVEL = "-O";
				VALIDATE_PRODUCT = YES;
			};
			name = Release;
		};
		B9AD0EB52A3421C300F19CD9 /* Debug */ = {
			isa = XCBuildConfiguration;
			buildSettings = {
				ALWAYS_EMBED_SWIFT_STANDARD_LIBRARIES = YES;
				ASSETCATALOG_COMPILER_APPICON_NAME = AppIcon;
				ASSETCATALOG_COMPILER_GLOBAL_ACCENT_COLOR_NAME = AccentColor;
				CODE_SIGN_STYLE = Automatic;
				CURRENT_PROJECT_VERSION = 1;
				DEVELOPMENT_ASSET_PATHS = "\"Relicious/Preview Content\"";
				DEVELOPMENT_TEAM = 5BY5MQ6875;
				ENABLE_PREVIEWS = YES;
				GENERATE_INFOPLIST_FILE = YES;
				INFOPLIST_KEY_UIApplicationSceneManifest_Generation = YES;
				INFOPLIST_KEY_UIApplicationSupportsIndirectInputEvents = YES;
				INFOPLIST_KEY_UILaunchScreen_Generation = YES;
				INFOPLIST_KEY_UISupportedInterfaceOrientations_iPad = "UIInterfaceOrientationPortrait UIInterfaceOrientationPortraitUpsideDown UIInterfaceOrientationLandscapeLeft UIInterfaceOrientationLandscapeRight";
				INFOPLIST_KEY_UISupportedInterfaceOrientations_iPhone = "UIInterfaceOrientationPortrait UIInterfaceOrientationLandscapeLeft UIInterfaceOrientationLandscapeRight";
				IPHONEOS_DEPLOYMENT_TARGET = 17.0;
				LD_RUNPATH_SEARCH_PATHS = (
					"$(inherited)",
					"@executable_path/Frameworks",
				);
				MARKETING_VERSION = 1.0;
				PRODUCT_BUNDLE_IDENTIFIER = com.seokho.Relicious;
				PRODUCT_NAME = "$(TARGET_NAME)";
				SWIFT_EMIT_LOC_STRINGS = YES;
				SWIFT_VERSION = 5.0;
				TARGETED_DEVICE_FAMILY = "1,2";
			};
			name = Debug;
		};
		B9AD0EB62A3421C300F19CD9 /* Release */ = {
			isa = XCBuildConfiguration;
			buildSettings = {
				ALWAYS_EMBED_SWIFT_STANDARD_LIBRARIES = YES;
				ASSETCATALOG_COMPILER_APPICON_NAME = AppIcon;
				ASSETCATALOG_COMPILER_GLOBAL_ACCENT_COLOR_NAME = AccentColor;
				CODE_SIGN_STYLE = Automatic;
				CURRENT_PROJECT_VERSION = 1;
				DEVELOPMENT_ASSET_PATHS = "\"Relicious/Preview Content\"";
				DEVELOPMENT_TEAM = 5BY5MQ6875;
				ENABLE_PREVIEWS = YES;
				GENERATE_INFOPLIST_FILE = YES;
				INFOPLIST_KEY_UIApplicationSceneManifest_Generation = YES;
				INFOPLIST_KEY_UIApplicationSupportsIndirectInputEvents = YES;
				INFOPLIST_KEY_UILaunchScreen_Generation = YES;
				INFOPLIST_KEY_UISupportedInterfaceOrientations_iPad = "UIInterfaceOrientationPortrait UIInterfaceOrientationPortraitUpsideDown UIInterfaceOrientationLandscapeLeft UIInterfaceOrientationLandscapeRight";
				INFOPLIST_KEY_UISupportedInterfaceOrientations_iPhone = "UIInterfaceOrientationPortrait UIInterfaceOrientationLandscapeLeft UIInterfaceOrientationLandscapeRight";
				IPHONEOS_DEPLOYMENT_TARGET = 17.0;
				LD_RUNPATH_SEARCH_PATHS = (
					"$(inherited)",
					"@executable_path/Frameworks",
				);
				MARKETING_VERSION = 1.0;
				PRODUCT_BUNDLE_IDENTIFIER = com.seokho.Relicious;
				PRODUCT_NAME = "$(TARGET_NAME)";
				SWIFT_EMIT_LOC_STRINGS = YES;
				SWIFT_VERSION = 5.0;
				TARGETED_DEVICE_FAMILY = "1,2";
			};
			name = Release;
		};
/* End XCBuildConfiguration section */

/* Begin XCConfigurationList section */
		5553B0EC2A34308600C78991 /* Build configuration list for PBXNativeTarget "RamenTimerWidgetExtension" */ = {
			isa = XCConfigurationList;
			buildConfigurations = (
				5553B0EA2A34308600C78991 /* Debug */,
				5553B0EB2A34308600C78991 /* Release */,
			);
			defaultConfigurationIsVisible = 0;
			defaultConfigurationName = Release;
		};
		B9AD0EA12A3421C200F19CD9 /* Build configuration list for PBXProject "Relicious" */ = {
			isa = XCConfigurationList;
			buildConfigurations = (
				B9AD0EB22A3421C300F19CD9 /* Debug */,
				B9AD0EB32A3421C300F19CD9 /* Release */,
			);
			defaultConfigurationIsVisible = 0;
			defaultConfigurationName = Release;
		};
		B9AD0EB42A3421C300F19CD9 /* Build configuration list for PBXNativeTarget "Relicious" */ = {
			isa = XCConfigurationList;
			buildConfigurations = (
				B9AD0EB52A3421C300F19CD9 /* Debug */,
				B9AD0EB62A3421C300F19CD9 /* Release */,
			);
			defaultConfigurationIsVisible = 0;
			defaultConfigurationName = Release;
		};
/* End XCConfigurationList section */
	};
	rootObject = B9AD0E9E2A3421C200F19CD9 /* Project object */;
}
